
Microsoft Visual Studio Solution File, Format Version 12.00
# Visual Studio Version 17
VisualStudioVersion = 17.1.32228.430
MinimumVisualStudioVersion = 10.0.40219.1
Project("{FAE04EC0-301F-11D3-BF4B-00C04F79EFBC}") = "ModernConsoleTables", "ModernConsoleTables\ModernConsoleTables.csproj", "{14157382-0DC4-478C-A6E8-7635295CB535}"
EndProject
Project("{FAE04EC0-301F-11D3-BF4B-00C04F79EFBC}") = "ModernConsoleTableTests", "ModernConsoleTableTests\ModernConsoleTableTests.csproj", "{A20F1739-34EB-4D1A-B584-C47A63ABF3BF}"
EndProject
Global
	GlobalSection(SolutionConfigurationPlatforms) = preSolution
		Debug|Any CPU = Debug|Any CPU
		Debug|x64 = Debug|x64
		Debug|x86 = Debug|x86
		Release|Any CPU = Release|Any CPU
		Release|x64 = Release|x64
		Release|x86 = Release|x86
	EndGlobalSection
	GlobalSection(ProjectConfigurationPlatforms) = postSolution
		{14157382-0DC4-478C-A6E8-7635295CB535}.Debug|Any CPU.ActiveCfg = Debug|Any CPU
		{14157382-0DC4-478C-A6E8-7635295CB535}.Debug|Any CPU.Build.0 = Debug|Any CPU
		{14157382-0DC4-478C-A6E8-7635295CB535}.Debug|x64.ActiveCfg = Debug|Any CPU
		{14157382-0DC4-478C-A6E8-7635295CB535}.Debug|x64.Build.0 = Debug|Any CPU
		{14157382-0DC4-478C-A6E8-7635295CB535}.Debug|x86.ActiveCfg = Debug|Any CPU
		{14157382-0DC4-478C-A6E8-7635295CB535}.Debug|x86.Build.0 = Debug|Any CPU
		{14157382-0DC4-478C-A6E8-7635295CB535}.Release|Any CPU.ActiveCfg = Release|Any CPU
		{14157382-0DC4-478C-A6E8-7635295CB535}.Release|Any CPU.Build.0 = Release|Any CPU
		{14157382-0DC4-478C-A6E8-7635295CB535}.Release|x64.ActiveCfg = Release|Any CPU
		{14157382-0DC4-478C-A6E8-7635295CB535}.Release|x64.Build.0 = Release|Any CPU
		{14157382-0DC4-478C-A6E8-7635295CB535}.Release|x86.ActiveCfg = Release|Any CPU
		{14157382-0DC4-478C-A6E8-7635295CB535}.Release|x86.Build.0 = Release|Any CPU
		{A20F1739-34EB-4D1A-B584-C47A63ABF3BF}.Debug|Any CPU.ActiveCfg = Debug|Any CPU
		{A20F1739-34EB-4D1A-B584-C47A63ABF3BF}.Debug|Any CPU.Build.0 = Debug|Any CPU
		{A20F1739-34EB-4D1A-B584-C47A63ABF3BF}.Debug|x64.ActiveCfg = Debug|Any CPU
		{A20F1739-34EB-4D1A-B584-C47A63ABF3BF}.Debug|x64.Build.0 = Debug|Any CPU
		{A20F1739-34EB-4D1A-B584-C47A63ABF3BF}.Debug|x86.ActiveCfg = Debug|Any CPU
		{A20F1739-34EB-4D1A-B584-C47A63ABF3BF}.Debug|x86.Build.0 = Debug|Any CPU
		{A20F1739-34EB-4D1A-B584-C47A63ABF3BF}.Release|Any CPU.ActiveCfg = Release|Any CPU
		{A20F1739-34EB-4D1A-B584-C47A63ABF3BF}.Release|Any CPU.Build.0 = Release|Any CPU
		{A20F1739-34EB-4D1A-B584-C47A63ABF3BF}.Release|x64.ActiveCfg = Release|Any CPU
		{A20F1739-34EB-4D1A-B584-C47A63ABF3BF}.Release|x64.Build.0 = Release|Any CPU
		{A20F1739-34EB-4D1A-B584-C47A63ABF3BF}.Release|x86.ActiveCfg = Release|Any CPU
		{A20F1739-34EB-4D1A-B584-C47A63ABF3BF}.Release|x86.Build.0 = Release|Any CPU
	EndGlobalSection
	GlobalSection(SolutionProperties) = preSolution
		HideSolutionNode = FALSE
	EndGlobalSection
	GlobalSection(ExtensibilityGlobals) = postSolution
		SolutionGuid = {7DC90AF0-CCFC-42D5-A8C8-0EBAE2254043}
	EndGlobalSection
EndGlobal
